
Microsoft Visual Studio Solution File, Format Version 12.00
# Visual Studio 15
VisualStudioVersion = 15.0.28307.329
MinimumVisualStudioVersion = 10.0.40219.1
Project("{FAE04EC0-301F-11D3-BF4B-00C04F79EFBC}") = "WebRtcClient", "WebRtcClient\WebRtcClient.csproj", "{11C1F409-A85E-42FF-8AAE-84D45989AF8A}"
EndProject
Global
	GlobalSection(SolutionConfigurationPlatforms) = preSolution
		Debug|ARM = Debug|ARM
		Debug|ARM64 = Debug|ARM64
		Debug|x64 = Debug|x64
		Debug|x86 = Debug|x86
		Release|ARM = Release|ARM
		Release|ARM64 = Release|ARM64
		Release|x64 = Release|x64
		Release|x86 = Release|x86
	EndGlobalSection
	GlobalSection(ProjectConfigurationPlatforms) = postSolution
		{11C1F409-A85E-42FF-8AAE-84D45989AF8A}.Debug|ARM.ActiveCfg = Debug|ARM
		{11C1F409-A85E-42FF-8AAE-84D45989AF8A}.Debug|ARM.Build.0 = Debug|ARM
		{11C1F409-A85E-42FF-8AAE-84D45989AF8A}.Debug|ARM.Deploy.0 = Debug|ARM
		{11C1F409-A85E-42FF-8AAE-84D45989AF8A}.Debug|ARM64.ActiveCfg = Debug|ARM64
		{11C1F409-A85E-42FF-8AAE-84D45989AF8A}.Debug|ARM64.Build.0 = Debug|ARM64
		{11C1F409-A85E-42FF-8AAE-84D45989AF8A}.Debug|ARM64.Deploy.0 = Debug|ARM64
		{11C1F409-A85E-42FF-8AAE-84D45989AF8A}.Debug|x64.ActiveCfg = Debug|x64
		{11C1F409-A85E-42FF-8AAE-84D45989AF8A}.Debug|x64.Build.0 = Debug|x64
		{11C1F409-A85E-42FF-8AAE-84D45989AF8A}.Debug|x64.Deploy.0 = Debug|x64
		{11C1F409-A85E-42FF-8AAE-84D45989AF8A}.Debug|x86.ActiveCfg = Debug|x86
		{11C1F409-A85E-42FF-8AAE-84D45989AF8A}.Debug|x86.Build.0 = Debug|x86
		{11C1F409-A85E-42FF-8AAE-84D45989AF8A}.Debug|x86.Deploy.0 = Debug|x86
		{11C1F409-A85E-42FF-8AAE-84D45989AF8A}.Release|ARM.ActiveCfg = Release|ARM
		{11C1F409-A85E-42FF-8AAE-84D45989AF8A}.Release|ARM.Build.0 = Release|ARM
		{11C1F409-A85E-42FF-8AAE-84D45989AF8A}.Release|ARM.Deploy.0 = Release|ARM
		{11C1F409-A85E-42FF-8AAE-84D45989AF8A}.Release|ARM64.ActiveCfg = Release|ARM64
		{11C1F409-A85E-42FF-8AAE-84D45989AF8A}.Release|ARM64.Build.0 = Release|ARM64
		{11C1F409-A85E-42FF-8AAE-84D45989AF8A}.Release|ARM64.Deploy.0 = Release|ARM64
		{11C1F409-A85E-42FF-8AAE-84D45989AF8A}.Release|x64.ActiveCfg = Release|x64
		{11C1F409-A85E-42FF-8AAE-84D45989AF8A}.Release|x64.Build.0 = Release|x64
		{11C1F409-A85E-42FF-8AAE-84D45989AF8A}.Release|x64.Deploy.0 = Release|x64
		{11C1F409-A85E-42FF-8AAE-84D45989AF8A}.Release|x86.ActiveCfg = Release|x86
		{11C1F409-A85E-42FF-8AAE-84D45989AF8A}.Release|x86.Build.0 = Release|x86
		{11C1F409-A85E-42FF-8AAE-84D45989AF8A}.Release|x86.Deploy.0 = Release|x86
	EndGlobalSection
	GlobalSection(SolutionProperties) = preSolution
		HideSolutionNode = FALSE
	EndGlobalSection
	GlobalSection(ExtensibilityGlobals) = postSolution
		SolutionGuid = {E94825DD-58F5-47A7-B620-7E1FAE1004B5}
	EndGlobalSection
EndGlobal
